// !$*UTF8*$!
{
	archiveVersion = 1;
	classes = {
	};
	objectVersion = 48;
	objects = {

/* Begin PBXBuildFile section */
		6E3590AE20476055007E15D5 /* AppDelegate.swift in Sources */ = {isa = PBXBuildFile; fileRef = 6E3590AD20476055007E15D5 /* AppDelegate.swift */; };
		6E3590B320476055007E15D5 /* Main.storyboard in Resources */ = {isa = PBXBuildFile; fileRef = 6E3590B120476055007E15D5 /* Main.storyboard */; };
		6E3590B520476055007E15D5 /* Assets.xcassets in Resources */ = {isa = PBXBuildFile; fileRef = 6E3590B420476055007E15D5 /* Assets.xcassets */; };
		6E3590B820476055007E15D5 /* LaunchScreen.storyboard in Resources */ = {isa = PBXBuildFile; fileRef = 6E3590B620476055007E15D5 /* LaunchScreen.storyboard */; };
		6E3590C12047629B007E15D5 /* Episode.swift in Sources */ = {isa = PBXBuildFile; fileRef = 6E3590C02047629B007E15D5 /* Episode.swift */; };
		6E3590C3204762A7007E15D5 /* Show.swift in Sources */ = {isa = PBXBuildFile; fileRef = 6E3590C2204762A7007E15D5 /* Show.swift */; };
		6E3590C52047633E007E15D5 /* Network.swift in Sources */ = {isa = PBXBuildFile; fileRef = 6E3590C42047633E007E15D5 /* Network.swift */; };
		6E3590C820484A86007E15D5 /* APIManager.swift in Sources */ = {isa = PBXBuildFile; fileRef = 6E3590C720484A86007E15D5 /* APIManager.swift */; };
		6E3590CB20484BBA007E15D5 /* Constants.swift in Sources */ = {isa = PBXBuildFile; fileRef = 6E3590CA20484BBA007E15D5 /* Constants.swift */; };
		6E3590CD2048546B007E15D5 /* Extensions.swift in Sources */ = {isa = PBXBuildFile; fileRef = 6E3590CC2048546B007E15D5 /* Extensions.swift */; };
		6E46E1DC2048B75C00BE538E /* EpisodeListTableViewController.swift in Sources */ = {isa = PBXBuildFile; fileRef = 6E46E1DB2048B75C00BE538E /* EpisodeListTableViewController.swift */; };
		6E46E1E32048B7F100BE538E /* EpisodeDetailViewController.swift in Sources */ = {isa = PBXBuildFile; fileRef = 6E46E1E22048B7F100BE538E /* EpisodeDetailViewController.swift */; };
		6E46E1E52048B7FF00BE538E /* ShowDetailViewController.swift in Sources */ = {isa = PBXBuildFile; fileRef = 6E46E1E42048B7FF00BE538E /* ShowDetailViewController.swift */; };
		6E46E1E72048C77A00BE538E /* EpisodeTableViewCell.swift in Sources */ = {isa = PBXBuildFile; fileRef = 6E46E1E62048C77A00BE538E /* EpisodeTableViewCell.swift */; };
		742A872FA9408170E29F4497 /* Pods_TV_List.framework in Frameworks */ = {isa = PBXBuildFile; fileRef = 2BAC51C2AB00DF0A2E3E722C /* Pods_TV_List.framework */; };
/* End PBXBuildFile section */

/* Begin PBXFileReference section */
		2BAC51C2AB00DF0A2E3E722C /* Pods_TV_List.framework */ = {isa = PBXFileReference; explicitFileType = wrapper.framework; includeInIndex = 0; path = Pods_TV_List.framework; sourceTree = BUILT_PRODUCTS_DIR; };
		6E3590AA20476055007E15D5 /* TV List.app */ = {isa = PBXFileReference; explicitFileType = wrapper.application; includeInIndex = 0; path = "TV List.app"; sourceTree = BUILT_PRODUCTS_DIR; };
		6E3590AD20476055007E15D5 /* AppDelegate.swift */ = {isa = PBXFileReference; lastKnownFileType = sourcecode.swift; path = AppDelegate.swift; sourceTree = "<group>"; };
		6E3590B220476055007E15D5 /* Base */ = {isa = PBXFileReference; lastKnownFileType = file.storyboard; name = Base; path = Base.lproj/Main.storyboard; sourceTree = "<group>"; };
		6E3590B420476055007E15D5 /* Assets.xcassets */ = {isa = PBXFileReference; lastKnownFileType = folder.assetcatalog; path = Assets.xcassets; sourceTree = "<group>"; };
		6E3590B720476055007E15D5 /* Base */ = {isa = PBXFileReference; lastKnownFileType = file.storyboard; name = Base; path = Base.lproj/LaunchScreen.storyboard; sourceTree = "<group>"; };
		6E3590B920476055007E15D5 /* Info.plist */ = {isa = PBXFileReference; lastKnownFileType = text.plist.xml; path = Info.plist; sourceTree = "<group>"; };
		6E3590C02047629B007E15D5 /* Episode.swift */ = {isa = PBXFileReference; lastKnownFileType = sourcecode.swift; path = Episode.swift; sourceTree = "<group>"; };
		6E3590C2204762A7007E15D5 /* Show.swift */ = {isa = PBXFileReference; lastKnownFileType = sourcecode.swift; path = Show.swift; sourceTree = "<group>"; };
		6E3590C42047633E007E15D5 /* Network.swift */ = {isa = PBXFileReference; lastKnownFileType = sourcecode.swift; path = Network.swift; sourceTree = "<group>"; };
		6E3590C720484A86007E15D5 /* APIManager.swift */ = {isa = PBXFileReference; lastKnownFileType = sourcecode.swift; path = APIManager.swift; sourceTree = "<group>"; };
		6E3590CA20484BBA007E15D5 /* Constants.swift */ = {isa = PBXFileReference; lastKnownFileType = sourcecode.swift; path = Constants.swift; sourceTree = "<group>"; };
		6E3590CC2048546B007E15D5 /* Extensions.swift */ = {isa = PBXFileReference; lastKnownFileType = sourcecode.swift; path = Extensions.swift; sourceTree = "<group>"; };
		6E46E1DB2048B75C00BE538E /* EpisodeListTableViewController.swift */ = {isa = PBXFileReference; lastKnownFileType = sourcecode.swift; path = EpisodeListTableViewController.swift; sourceTree = "<group>"; };
		6E46E1E22048B7F100BE538E /* EpisodeDetailViewController.swift */ = {isa = PBXFileReference; lastKnownFileType = sourcecode.swift; path = EpisodeDetailViewController.swift; sourceTree = "<group>"; };
		6E46E1E42048B7FF00BE538E /* ShowDetailViewController.swift */ = {isa = PBXFileReference; lastKnownFileType = sourcecode.swift; path = ShowDetailViewController.swift; sourceTree = "<group>"; };
		6E46E1E62048C77A00BE538E /* EpisodeTableViewCell.swift */ = {isa = PBXFileReference; lastKnownFileType = sourcecode.swift; path = EpisodeTableViewCell.swift; sourceTree = "<group>"; };
		977E9560CE427F09A5841326 /* Pods-TV List.release.xcconfig */ = {isa = PBXFileReference; includeInIndex = 1; lastKnownFileType = text.xcconfig; name = "Pods-TV List.release.xcconfig"; path = "Pods/Target Support Files/Pods-TV List/Pods-TV List.release.xcconfig"; sourceTree = "<group>"; };
		BAA9390FE6E8B44A7C08B96D /* Pods-TV List.debug.xcconfig */ = {isa = PBXFileReference; includeInIndex = 1; lastKnownFileType = text.xcconfig; name = "Pods-TV List.debug.xcconfig"; path = "Pods/Target Support Files/Pods-TV List/Pods-TV List.debug.xcconfig"; sourceTree = "<group>"; };
/* End PBXFileReference section */

/* Begin PBXFrameworksBuildPhase section */
		6E3590A720476055007E15D5 /* Frameworks */ = {
			isa = PBXFrameworksBuildPhase;
			buildActionMask = 2147483647;
			files = (
				742A872FA9408170E29F4497 /* Pods_TV_List.framework in Frameworks */,
			);
			runOnlyForDeploymentPostprocessing = 0;
		};
/* End PBXFrameworksBuildPhase section */

/* Begin PBXGroup section */
		6E3590A120476055007E15D5 = {
			isa = PBXGroup;
			children = (
				6E3590AC20476055007E15D5 /* TV List */,
				6E3590AB20476055007E15D5 /* Products */,
				96814FB7CF3BB5940644E90E /* Pods */,
				DA27B5541B66BADFF72856E8 /* Frameworks */,
			);
			sourceTree = "<group>";
		};
		6E3590AB20476055007E15D5 /* Products */ = {
			isa = PBXGroup;
			children = (
				6E3590AA20476055007E15D5 /* TV List.app */,
			);
			name = Products;
			sourceTree = "<group>";
		};
		6E3590AC20476055007E15D5 /* TV List */ = {
			isa = PBXGroup;
			children = (
				6E46E1D72048B6C900BE538E /* Views */,
				6E46E1D82048B6D000BE538E /* Controllers */,
				6E3590C920484BAF007E15D5 /* Utils */,
				6E3590C620484A73007E15D5 /* Managers */,
				6E3590BF204761A0007E15D5 /* Models */,
				6E3590AD20476055007E15D5 /* AppDelegate.swift */,
				6E3590B420476055007E15D5 /* Assets.xcassets */,
				6E3590B620476055007E15D5 /* LaunchScreen.storyboard */,
				6E3590B920476055007E15D5 /* Info.plist */,
			);
			path = "TV List";
			sourceTree = "<group>";
		};
		6E3590BF204761A0007E15D5 /* Models */ = {
			isa = PBXGroup;
			children = (
				6E3590C2204762A7007E15D5 /* Show.swift */,
				6E3590C42047633E007E15D5 /* Network.swift */,
				6E3590C02047629B007E15D5 /* Episode.swift */,
			);
			path = Models;
			sourceTree = "<group>";
		};
		6E3590C620484A73007E15D5 /* Managers */ = {
			isa = PBXGroup;
			children = (
				6E3590C720484A86007E15D5 /* APIManager.swift */,
			);
			path = Managers;
			sourceTree = "<group>";
		};
		6E3590C920484BAF007E15D5 /* Utils */ = {
			isa = PBXGroup;
			children = (
				6E3590CA20484BBA007E15D5 /* Constants.swift */,
				6E3590CC2048546B007E15D5 /* Extensions.swift */,
			);
			path = Utils;
			sourceTree = "<group>";
		};
		6E46E1D72048B6C900BE538E /* Views */ = {
			isa = PBXGroup;
			children = (
				6E46E1E12048B77B00BE538E /* Storyboards */,
			);
			path = Views;
			sourceTree = "<group>";
		};
		6E46E1D82048B6D000BE538E /* Controllers */ = {
			isa = PBXGroup;
			children = (
				6E46E1DB2048B75C00BE538E /* EpisodeListTableViewController.swift */,
				6E46E1E22048B7F100BE538E /* EpisodeDetailViewController.swift */,
				6E46E1E42048B7FF00BE538E /* ShowDetailViewController.swift */,
				6E46E1E62048C77A00BE538E /* EpisodeTableViewCell.swift */,
			);
			path = Controllers;
			sourceTree = "<group>";
		};
		6E46E1E12048B77B00BE538E /* Storyboards */ = {
			isa = PBXGroup;
			children = (
				6E3590B120476055007E15D5 /* Main.storyboard */,
			);
			path = Storyboards;
			sourceTree = "<group>";
		};
		96814FB7CF3BB5940644E90E /* Pods */ = {
			isa = PBXGroup;
			children = (
				BAA9390FE6E8B44A7C08B96D /* Pods-TV List.debug.xcconfig */,
				977E9560CE427F09A5841326 /* Pods-TV List.release.xcconfig */,
			);
			name = Pods;
			sourceTree = "<group>";
		};
		DA27B5541B66BADFF72856E8 /* Frameworks */ = {
			isa = PBXGroup;
			children = (
				2BAC51C2AB00DF0A2E3E722C /* Pods_TV_List.framework */,
			);
			name = Frameworks;
			sourceTree = "<group>";
		};
/* End PBXGroup section */

/* Begin PBXNativeTarget section */
		6E3590A920476055007E15D5 /* TV List */ = {
			isa = PBXNativeTarget;
			buildConfigurationList = 6E3590BC20476055007E15D5 /* Build configuration list for PBXNativeTarget "TV List" */;
			buildPhases = (
				2582FFD16C160ECAC663E350 /* [CP] Check Pods Manifest.lock */,
				6E3590A620476055007E15D5 /* Sources */,
				6E3590A720476055007E15D5 /* Frameworks */,
				6E3590A820476055007E15D5 /* Resources */,
				116FBD34F24806343BF0FF77 /* [CP] Embed Pods Frameworks */,
			);
			buildRules = (
			);
			dependencies = (
			);
			name = "TV List";
			productName = "TV List";
			productReference = 6E3590AA20476055007E15D5 /* TV List.app */;
			productType = "com.apple.product-type.application";
		};
/* End PBXNativeTarget section */

/* Begin PBXProject section */
		6E3590A220476055007E15D5 /* Project object */ = {
			isa = PBXProject;
			attributes = {
				LastSwiftUpdateCheck = 0920;
				LastUpgradeCheck = 0920;
				ORGANIZATIONNAME = "Daniel Munoz";
				TargetAttributes = {
					6E3590A920476055007E15D5 = {
						CreatedOnToolsVersion = 9.2;
						ProvisioningStyle = Automatic;
					};
				};
			};
			buildConfigurationList = 6E3590A520476055007E15D5 /* Build configuration list for PBXProject "TV List" */;
			compatibilityVersion = "Xcode 8.0";
			developmentRegion = en;
			hasScannedForEncodings = 0;
			knownRegions = (
				en,
				Base,
			);
			mainGroup = 6E3590A120476055007E15D5;
			productRefGroup = 6E3590AB20476055007E15D5 /* Products */;
			projectDirPath = "";
			projectRoot = "";
			targets = (
				6E3590A920476055007E15D5 /* TV List */,
			);
		};
/* End PBXProject section */

/* Begin PBXResourcesBuildPhase section */
		6E3590A820476055007E15D5 /* Resources */ = {
			isa = PBXResourcesBuildPhase;
			buildActionMask = 2147483647;
			files = (
				6E3590B820476055007E15D5 /* LaunchScreen.storyboard in Resources */,
				6E3590B520476055007E15D5 /* Assets.xcassets in Resources */,
				6E3590B320476055007E15D5 /* Main.storyboard in Resources */,
			);
			runOnlyForDeploymentPostprocessing = 0;
		};
/* End PBXResourcesBuildPhase section */

/* Begin PBXShellScriptBuildPhase section */
		116FBD34F24806343BF0FF77 /* [CP] Embed Pods Frameworks */ = {
			isa = PBXShellScriptBuildPhase;
			buildActionMask = 2147483647;
			files = (
			);
			inputPaths = (
				"${PODS_ROOT}/Target Support Files/Pods-TV List/Pods-TV List-frameworks.sh",
				"${BUILT_PRODUCTS_DIR}/Alamofire/Alamofire.framework",
				"${BUILT_PRODUCTS_DIR}/AlamofireImage/AlamofireImage.framework",
				"${BUILT_PRODUCTS_DIR}/AlamofireObjectMapper/AlamofireObjectMapper.framework",
				"${BUILT_PRODUCTS_DIR}/ObjectMapper/ObjectMapper.framework",
				"${BUILT_PRODUCTS_DIR}/ObjectMapper+Realm/ObjectMapper_Realm.framework",
				"${BUILT_PRODUCTS_DIR}/ObjectMapperAdditions/ObjectMapperAdditions.framework",
				"${BUILT_PRODUCTS_DIR}/Realm/Realm.framework",
				"${BUILT_PRODUCTS_DIR}/RealmSwift/RealmSwift.framework",
			);
			name = "[CP] Embed Pods Frameworks";
			outputPaths = (
				"${TARGET_BUILD_DIR}/${FRAMEWORKS_FOLDER_PATH}/Alamofire.framework",
				"${TARGET_BUILD_DIR}/${FRAMEWORKS_FOLDER_PATH}/AlamofireImage.framework",
				"${TARGET_BUILD_DIR}/${FRAMEWORKS_FOLDER_PATH}/AlamofireObjectMapper.framework",
				"${TARGET_BUILD_DIR}/${FRAMEWORKS_FOLDER_PATH}/ObjectMapper.framework",
				"${TARGET_BUILD_DIR}/${FRAMEWORKS_FOLDER_PATH}/ObjectMapper_Realm.framework",
				"${TARGET_BUILD_DIR}/${FRAMEWORKS_FOLDER_PATH}/ObjectMapperAdditions.framework",
				"${TARGET_BUILD_DIR}/${FRAMEWORKS_FOLDER_PATH}/Realm.framework",
				"${TARGET_BUILD_DIR}/${FRAMEWORKS_FOLDER_PATH}/RealmSwift.framework",
			);
			runOnlyForDeploymentPostprocessing = 0;
			shellPath = /bin/sh;
			shellScript = "\"${PODS_ROOT}/Target Support Files/Pods-TV List/Pods-TV List-frameworks.sh\"\n";
			showEnvVarsInLog = 0;
		};
		2582FFD16C160ECAC663E350 /* [CP] Check Pods Manifest.lock */ = {
			isa = PBXShellScriptBuildPhase;
			buildActionMask = 2147483647;
			files = (
			);
			inputPaths = (
				"${PODS_PODFILE_DIR_PATH}/Podfile.lock",
				"${PODS_ROOT}/Manifest.lock",
			);
			name = "[CP] Check Pods Manifest.lock";
			outputPaths = (
				"$(DERIVED_FILE_DIR)/Pods-TV List-checkManifestLockResult.txt",
			);
			runOnlyForDeploymentPostprocessing = 0;
			shellPath = /bin/sh;
			shellScript = "diff \"${PODS_PODFILE_DIR_PATH}/Podfile.lock\" \"${PODS_ROOT}/Manifest.lock\" > /dev/null\nif [ $? != 0 ] ; then\n    # print error to STDERR\n    echo \"error: The sandbox is not in sync with the Podfile.lock. Run 'pod install' or update your CocoaPods installation.\" >&2\n    exit 1\nfi\n# This output is used by Xcode 'outputs' to avoid re-running this script phase.\necho \"SUCCESS\" > \"${SCRIPT_OUTPUT_FILE_0}\"\n";
			showEnvVarsInLog = 0;
		};
/* End PBXShellScriptBuildPhase section */

/* Begin PBXSourcesBuildPhase section */
		6E3590A620476055007E15D5 /* Sources */ = {
			isa = PBXSourcesBuildPhase;
			buildActionMask = 2147483647;
			files = (
				6E3590C820484A86007E15D5 /* APIManager.swift in Sources */,
				6E46E1DC2048B75C00BE538E /* EpisodeListTableViewController.swift in Sources */,
				6E3590C52047633E007E15D5 /* Network.swift in Sources */,
				6E3590CD2048546B007E15D5 /* Extensions.swift in Sources */,
				6E46E1E32048B7F100BE538E /* EpisodeDetailViewController.swift in Sources */,
				6E3590C12047629B007E15D5 /* Episode.swift in Sources */,
				6E3590CB20484BBA007E15D5 /* Constants.swift in Sources */,
				6E3590C3204762A7007E15D5 /* Show.swift in Sources */,
				6E46E1E72048C77A00BE538E /* EpisodeTableViewCell.swift in Sources */,
				6E3590AE20476055007E15D5 /* AppDelegate.swift in Sources */,
				6E46E1E52048B7FF00BE538E /* ShowDetailViewController.swift in Sources */,
			);
			runOnlyForDeploymentPostprocessing = 0;
		};
/* End PBXSourcesBuildPhase section */

/* Begin PBXVariantGroup section */
		6E3590B120476055007E15D5 /* Main.storyboard */ = {
			isa = PBXVariantGroup;
			children = (
				6E3590B220476055007E15D5 /* Base */,
			);
			name = Main.storyboard;
			sourceTree = "<group>";
		};
		6E3590B620476055007E15D5 /* LaunchScreen.storyboard */ = {
			isa = PBXVariantGroup;
			children = (
				6E3590B720476055007E15D5 /* Base */,
			);
			name = LaunchScreen.storyboard;
			sourceTree = "<group>";
		};
/* End PBXVariantGroup section */

/* Begin XCBuildConfiguration section */
		6E3590BA20476055007E15D5 /* Debug */ = {
			isa = XCBuildConfiguration;
			buildSettings = {
				ALWAYS_SEARCH_USER_PATHS = NO;
				CLANG_ANALYZER_NONNULL = YES;
				CLANG_ANALYZER_NUMBER_OBJECT_CONVERSION = YES_AGGRESSIVE;
				CLANG_CXX_LANGUAGE_STANDARD = "gnu++14";
				CLANG_CXX_LIBRARY = "libc++";
				CLANG_ENABLE_MODULES = YES;
				CLANG_ENABLE_OBJC_ARC = YES;
				CLANG_WARN_BLOCK_CAPTURE_AUTORELEASING = YES;
				CLANG_WARN_BOOL_CONVERSION = YES;
				CLANG_WARN_COMMA = YES;
				CLANG_WARN_CONSTANT_CONVERSION = YES;
				CLANG_WARN_DIRECT_OBJC_ISA_USAGE = YES_ERROR;
				CLANG_WARN_DOCUMENTATION_COMMENTS = YES;
				CLANG_WARN_EMPTY_BODY = YES;
				CLANG_WARN_ENUM_CONVERSION = YES;
				CLANG_WARN_INFINITE_RECURSION = YES;
				CLANG_WARN_INT_CONVERSION = YES;
				CLANG_WARN_NON_LITERAL_NULL_CONVERSION = YES;
				CLANG_WARN_OBJC_LITERAL_CONVERSION = YES;
				CLANG_WARN_OBJC_ROOT_CLASS = YES_ERROR;
				CLANG_WARN_RANGE_LOOP_ANALYSIS = YES;
				CLANG_WARN_STRICT_PROTOTYPES = YES;
				CLANG_WARN_SUSPICIOUS_MOVE = YES;
				CLANG_WARN_UNGUARDED_AVAILABILITY = YES_AGGRESSIVE;
				CLANG_WARN_UNREACHABLE_CODE = YES;
				CLANG_WARN__DUPLICATE_METHOD_MATCH = YES;
				CODE_SIGN_IDENTITY = "iPhone Developer";
				COPY_PHASE_STRIP = NO;
				DEBUG_INFORMATION_FORMAT = dwarf;
				ENABLE_STRICT_OBJC_MSGSEND = YES;
				ENABLE_TESTABILITY = YES;
				GCC_C_LANGUAGE_STANDARD = gnu11;
				GCC_DYNAMIC_NO_PIC = NO;
				GCC_NO_COMMON_BLOCKS = YES;
				GCC_OPTIMIZATION_LEVEL = 0;
				GCC_PREPROCESSOR_DEFINITIONS = (
					"DEBUG=1",
					"$(inherited)",
				);
				GCC_WARN_64_TO_32_BIT_CONVERSION = YES;
				GCC_WARN_ABOUT_RETURN_TYPE = YES_ERROR;
				GCC_WARN_UNDECLARED_SELECTOR = YES;
				GCC_WARN_UNINITIALIZED_AUTOS = YES_AGGRESSIVE;
				GCC_WARN_UNUSED_FUNCTION = YES;
				GCC_WARN_UNUSED_VARIABLE = YES;
				IPHONEOS_DEPLOYMENT_TARGET = 11.0;
				MTL_ENABLE_DEBUG_INFO = YES;
				ONLY_ACTIVE_ARCH = YES;
				SDKROOT = iphoneos;
				SWIFT_ACTIVE_COMPILATION_CONDITIONS = DEBUG;
				SWIFT_OPTIMIZATION_LEVEL = "-Onone";
			};
			name = Debug;
		};
		6E3590BB20476055007E15D5 /* Release */ = {
			isa = XCBuildConfiguration;
			buildSettings = {
				ALWAYS_SEARCH_USER_PATHS = NO;
				CLANG_ANALYZER_NONNULL = YES;
				CLANG_ANALYZER_NUMBER_OBJECT_CONVERSION = YES_AGGRESSIVE;
				CLANG_CXX_LANGUAGE_STANDARD = "gnu++14";
				CLANG_CXX_LIBRARY = "libc++";
				CLANG_ENABLE_MODULES = YES;
				CLANG_ENABLE_OBJC_ARC = YES;
				CLANG_WARN_BLOCK_CAPTURE_AUTORELEASING = YES;
				CLANG_WARN_BOOL_CONVERSION = YES;
				CLANG_WARN_COMMA = YES;
				CLANG_WARN_CONSTANT_CONVERSION = YES;
				CLANG_WARN_DIRECT_OBJC_ISA_USAGE = YES_ERROR;
				CLANG_WARN_DOCUMENTATION_COMMENTS = YES;
				CLANG_WARN_EMPTY_BODY = YES;
				CLANG_WARN_ENUM_CONVERSION = YES;
				CLANG_WARN_INFINITE_RECURSION = YES;
				CLANG_WARN_INT_CONVERSION = YES;
				CLANG_WARN_NON_LITERAL_NULL_CONVERSION = YES;
				CLANG_WARN_OBJC_LITERAL_CONVERSION = YES;
				CLANG_WARN_OBJC_ROOT_CLASS = YES_ERROR;
				CLANG_WARN_RANGE_LOOP_ANALYSIS = YES;
				CLANG_WARN_STRICT_PROTOTYPES = YES;
				CLANG_WARN_SUSPICIOUS_MOVE = YES;
				CLANG_WARN_UNGUARDED_AVAILABILITY = YES_AGGRESSIVE;
				CLANG_WARN_UNREACHABLE_CODE = YES;
				CLANG_WARN__DUPLICATE_METHOD_MATCH = YES;
				CODE_SIGN_IDENTITY = "iPhone Developer";
				COPY_PHASE_STRIP = NO;
				DEBUG_INFORMATION_FORMAT = "dwarf-with-dsym";
				ENABLE_NS_ASSERTIONS = NO;
				ENABLE_STRICT_OBJC_MSGSEND = YES;
				GCC_C_LANGUAGE_STANDARD = gnu11;
				GCC_NO_COMMON_BLOCKS = YES;
				GCC_WARN_64_TO_32_BIT_CONVERSION = YES;
				GCC_WARN_ABOUT_RETURN_TYPE = YES_ERROR;
				GCC_WARN_UNDECLARED_SELECTOR = YES;
				GCC_WARN_UNINITIALIZED_AUTOS = YES_AGGRESSIVE;
				GCC_WARN_UNUSED_FUNCTION = YES;
				GCC_WARN_UNUSED_VARIABLE = YES;
				IPHONEOS_DEPLOYMENT_TARGET = 11.0;
				MTL_ENABLE_DEBUG_INFO = NO;
				SDKROOT = iphoneos;
				SWIFT_OPTIMIZATION_LEVEL = "-Owholemodule";
				VALIDATE_PRODUCT = YES;
			};
			name = Release;
		};
		6E3590BD20476055007E15D5 /* Debug */ = {
			isa = XCBuildConfiguration;
			baseConfigurationReference = BAA9390FE6E8B44A7C08B96D /* Pods-TV List.debug.xcconfig */;
			buildSettings = {
				ASSETCATALOG_COMPILER_APPICON_NAME = AppIcon;
				CODE_SIGN_STYLE = Automatic;
				DEVELOPMENT_TEAM = "";
				INFOPLIST_FILE = "TV List/Info.plist";
				LD_RUNPATH_SEARCH_PATHS = "$(inherited) @executable_path/Frameworks";
				PRODUCT_BUNDLE_IDENTIFIER = "com.brosoft.TV-List";
				PRODUCT_NAME = "$(TARGET_NAME)";
				SWIFT_VERSION = 4.0;
				TARGETED_DEVICE_FAMILY = "1,2";
			};
			name = Debug;
		};
		6E3590BE20476055007E15D5 /* Release */ = {
			isa = XCBuildConfiguration;
			baseConfigurationReference = 977E9560CE427F09A5841326 /* Pods-TV List.release.xcconfig */;
			buildSettings = {
				ASSETCATALOG_COMPILER_APPICON_NAME = AppIcon;
				CODE_SIGN_STYLE = Automatic;
				DEVELOPMENT_TEAM = "";
				INFOPLIST_FILE = "TV List/Info.plist";
				LD_RUNPATH_SEARCH_PATHS = "$(inherited) @executable_path/Frameworks";
				PRODUCT_BUNDLE_IDENTIFIER = "com.brosoft.TV-List";
				PRODUCT_NAME = "$(TARGET_NAME)";
				SWIFT_VERSION = 4.0;
				TARGETED_DEVICE_FAMILY = "1,2";
			};
			name = Release;
		};
/* End XCBuildConfiguration section */

/* Begin XCConfigurationList section */
		6E3590A520476055007E15D5 /* Build configuration list for PBXProject "TV List" */ = {
			isa = XCConfigurationList;
			buildConfigurations = (
				6E3590BA20476055007E15D5 /* Debug */,
				6E3590BB20476055007E15D5 /* Release */,
			);
			defaultConfigurationIsVisible = 0;
			defaultConfigurationName = Release;
		};
		6E3590BC20476055007E15D5 /* Build configuration list for PBXNativeTarget "TV List" */ = {
			isa = XCConfigurationList;
			buildConfigurations = (
				6E3590BD20476055007E15D5 /* Debug */,
				6E3590BE20476055007E15D5 /* Release */,
			);
			defaultConfigurationIsVisible = 0;
			defaultConfigurationName = Release;
		};
/* End XCConfigurationList section */
	};
	rootObject = 6E3590A220476055007E15D5 /* Project object */;
}
